
Microsoft Visual Studio Solution File, Format Version 12.00
# Visual Studio Version 16
VisualStudioVersion = 16.0.30611.23
MinimumVisualStudioVersion = 10.0.40219.1
Project("{2150E333-8FDC-42A3-9474-1A3956D46DE8}") = "Solution Items", "Solution Items", "{9B9E9DF3-416D-4705-9C01-5AAB72BCBCAE}"
	ProjectSection(SolutionItems) = preProject
		localtestrun.testrunconfig = localtestrun.testrunconfig
		Turbo RM Solution2.vsmdi = Turbo RM Solution2.vsmdi
	EndProjectSection
EndProject
Project("{FAE04EC0-301F-11D3-BF4B-00C04F79EFBC}") = "Relationship Manager Turbo", "Relationship Manager Turbo\Relationship Manager Turbo.csproj", "{1998AE3B-C0F5-473C-8DFD-9232C7B5ACB9}"
EndProject
Project("{FAE04EC0-301F-11D3-BF4B-00C04F79EFBC}") = "Tests", "Tests\Tests.csproj", "{1D2D6383-C4FB-4CA9-BE3F-9027384BAD2B}"
EndProject
Project("{FAE04EC0-301F-11D3-BF4B-00C04F79EFBC}") = "Relationship Manager Interfaces", "..\Relationship Manager Interfaces\Relationship Manager Interfaces.csproj", "{4940FF4A-B1BE-408B-9ABD-A7623E77EEBC}"
EndProject
Project("{FAE04EC0-301F-11D3-BF4B-00C04F79EFBC}") = "Speed Trials 01", "Speed Trials 01\Speed Trials 01.csproj", "{274A1D53-780A-4620-AF4F-072D8B0FF08F}"
EndProject
Global
	GlobalSection(SolutionConfigurationPlatforms) = preSolution
		Debug|Any CPU = Debug|Any CPU
		Release|Any CPU = Release|Any CPU
	EndGlobalSection
	GlobalSection(ProjectConfigurationPlatforms) = postSolution
		{1998AE3B-C0F5-473C-8DFD-9232C7B5ACB9}.Debug|Any CPU.ActiveCfg = Debug|Any CPU
		{1998AE3B-C0F5-473C-8DFD-9232C7B5ACB9}.Debug|Any CPU.Build.0 = Debug|Any CPU
		{1998AE3B-C0F5-473C-8DFD-9232C7B5ACB9}.Release|Any CPU.ActiveCfg = Release|Any CPU
		{1998AE3B-C0F5-473C-8DFD-9232C7B5ACB9}.Release|Any CPU.Build.0 = Release|Any CPU
		{1D2D6383-C4FB-4CA9-BE3F-9027384BAD2B}.Debug|Any CPU.ActiveCfg = Debug|Any CPU
		{1D2D6383-C4FB-4CA9-BE3F-9027384BAD2B}.Debug|Any CPU.Build.0 = Debug|Any CPU
		{1D2D6383-C4FB-4CA9-BE3F-9027384BAD2B}.Release|Any CPU.ActiveCfg = Release|Any CPU
		{1D2D6383-C4FB-4CA9-BE3F-9027384BAD2B}.Release|Any CPU.Build.0 = Release|Any CPU
		{4940FF4A-B1BE-408B-9ABD-A7623E77EEBC}.Debug|Any CPU.ActiveCfg = Debug|Any CPU
		{4940FF4A-B1BE-408B-9ABD-A7623E77EEBC}.Debug|Any CPU.Build.0 = Debug|Any CPU
		{4940FF4A-B1BE-408B-9ABD-A7623E77EEBC}.Release|Any CPU.ActiveCfg = Release|Any CPU
		{4940FF4A-B1BE-408B-9ABD-A7623E77EEBC}.Release|Any CPU.Build.0 = Release|Any CPU
		{274A1D53-780A-4620-AF4F-072D8B0FF08F}.Debug|Any CPU.ActiveCfg = Debug|Any CPU
		{274A1D53-780A-4620-AF4F-072D8B0FF08F}.Debug|Any CPU.Build.0 = Debug|Any CPU
		{274A1D53-780A-4620-AF4F-072D8B0FF08F}.Release|Any CPU.ActiveCfg = Release|Any CPU
		{274A1D53-780A-4620-AF4F-072D8B0FF08F}.Release|Any CPU.Build.0 = Release|Any CPU
	EndGlobalSection
	GlobalSection(SolutionProperties) = preSolution
		HideSolutionNode = FALSE
	EndGlobalSection
	GlobalSection(ExtensibilityGlobals) = postSolution
		SolutionGuid = {C195E764-2C4B-42A1-8681-C38A0D0E90EA}
	EndGlobalSection
	GlobalSection(TestCaseManagementSettings) = postSolution
		CategoryFile = Turbo RM Solution2.vsmdi
	EndGlobalSection
EndGlobal
